# @generated - this file is auto-generated by `mise lock` https://mise.jdx.dev/dev-tools/mise-lock.html

[[tools.elixir]]
version = "1.20.2-otp-29"
backend = "core:elixir"

[tools.elixir."platforms.linux-arm64"]
checksum = "sha256:a9e88cd41fbbba7da6f6dc237a49dd2ed4e70457121035cc7fc56ad05582f394"
url = "https://builds.hex.pm/builds/elixir/v1.20.2-otp-29.zip"

[tools.elixir."platforms.linux-x64"]
checksum = "sha256:a9e88cd41fbbba7da6f6dc237a49dd2ed4e70457121035cc7fc56ad05582f394"
url = "https://builds.hex.pm/builds/elixir/v1.20.2-otp-29.zip"

[tools.elixir."platforms.macos-arm64"]
checksum = "sha256:a9e88cd41fbbba7da6f6dc237a49dd2ed4e70457121035cc7fc56ad05582f394"
url = "https://builds.hex.pm/builds/elixir/v1.20.2-otp-29.zip"

[tools.elixir."platforms.macos-x64"]
checksum = "sha256:a9e88cd41fbbba7da6f6dc237a49dd2ed4e70457121035cc7fc56ad05582f394"
url = "https://builds.hex.pm/builds/elixir/v1.20.2-otp-29.zip"

[[tools.erlang]]
version = "29.0.3"
backend = "core:erlang"

[tools.erlang.options]
precompiled = "if_available"

[tools.erlang."platforms.macos-arm64"]
checksum = "sha256:bfb187843b00fdff9a9eb79f15f17ffcd48d89150212f77206279fcd51136706"
url = "https://github.com/erlef/otp_builds/releases/download/OTP-29.0.3/otp-aarch64-apple-darwin.tar.gz"
url_api = "https://api.github.com/repos/erlef/otp_builds/releases/assets/464419851"

[tools.erlang."platforms.macos-x64"]
checksum = "sha256:9fb73031da37363200df4459ef57e16bb4e00134ec94bfb92b7a1b4db640dcca"
url = "https://github.com/erlef/otp_builds/releases/download/OTP-29.0.3/otp-x86_64-apple-darwin.tar.gz"
url_api = "https://api.github.com/repos/erlef/otp_builds/releases/assets/464426319"

[[tools.erlang]]
version = "29.0.3"
backend = "core:erlang"

[tools.erlang.options]
precompiled = "if_available"
precompiled_os = "ubuntu-24.04"

[tools.erlang."platforms.linux-arm64"]
url = "https://builds.hex.pm/builds/otp/arm64/ubuntu-24.04/OTP-29.0.3.tar.gz"

[tools.erlang."platforms.linux-x64"]
url = "https://builds.hex.pm/builds/otp/amd64/ubuntu-24.04/OTP-29.0.3.tar.gz"

[[tools.fd]]
version = "10.4.2"
backend = "aqua:sharkdp/fd"

[tools.fd."platforms.linux-arm64"]
checksum = "sha256:f32d3657473fba74e2600babc8db0b93420d51169223b7e8143b2ed55d8fd9e8"
url = "https://github.com/sharkdp/fd/releases/download/v10.4.2/fd-v10.4.2-aarch64-unknown-linux-musl.tar.gz"
url_api = "https://api.github.com/repos/sharkdp/fd/releases/assets/370662859"

[tools.fd."platforms.linux-x64"]
checksum = "sha256:e3257d48e29a6be965187dbd24ce9af564e0fe67b3e73c9bdcd180f4ec11bdde"
url = "https://github.com/sharkdp/fd/releases/download/v10.4.2/fd-v10.4.2-x86_64-unknown-linux-musl.tar.gz"
url_api = "https://api.github.com/repos/sharkdp/fd/releases/assets/370662855"

[tools.fd."platforms.macos-arm64"]
checksum = "sha256:623dc0afc81b92e4d4606b380d7bc91916ba7b97814263e554d50923a39e480a"
url = "https://github.com/sharkdp/fd/releases/download/v10.4.2/fd-v10.4.2-aarch64-apple-darwin.tar.gz"
url_api = "https://api.github.com/repos/sharkdp/fd/releases/assets/370661116"

[[tools.gh]]
version = "2.96.0"
backend = "aqua:cli/cli"

[tools.gh."platforms.linux-arm64"]
checksum = "sha256:06f86ec7103d41993b76cd78072f43595c34aaa56506d971d9860e67140bf909"
url = "https://github.com/cli/cli/releases/download/v2.96.0/gh_2.96.0_linux_arm64.tar.gz"
url_api = "https://api.github.com/repos/cli/cli/releases/assets/464728549"
provenance = "github-attestations"

[tools.gh."platforms.linux-x64"]
checksum = "sha256:83d5c2ccad5498f58bf6368acb1ab32588cf43ab3a4b1c301bf36328b1c8bd60"
url = "https://github.com/cli/cli/releases/download/v2.96.0/gh_2.96.0_linux_amd64.tar.gz"
url_api = "https://api.github.com/repos/cli/cli/releases/assets/464728543"
provenance = "github-attestations"

[tools.gh."platforms.macos-arm64"]
checksum = "sha256:f23a0c37d963aacc3bed703ccbd59b41c5ca22101fab7f00eb2b7cad23aba463"
url = "https://github.com/cli/cli/releases/download/v2.96.0/gh_2.96.0_macOS_arm64.zip"
url_api = "https://api.github.com/repos/cli/cli/releases/assets/464728562"
provenance = "github-attestations"

[tools.gh."platforms.macos-x64"]
checksum = "sha256:4bd449df9ad639391bc62b8032546f0fe9edcd8526e06682a4f88abd8c5d163c"
url = "https://github.com/cli/cli/releases/download/v2.96.0/gh_2.96.0_macOS_amd64.zip"
url_api = "https://api.github.com/repos/cli/cli/releases/assets/464728560"
provenance = "github-attestations"

[[tools.hurl]]
version = "8.0.0"
backend = "aqua:Orange-OpenSource/hurl"

[tools.hurl."platforms.linux-arm64"]
checksum = "sha256:f3c39af374f0a56675989a8dca618d30a4e1550b759bfad40529f3969f2dedcd"
url = "https://github.com/Orange-OpenSource/hurl/releases/download/8.0.0/hurl-8.0.0-aarch64-unknown-linux-gnu.tar.gz"
url_api = "https://api.github.com/repos/Orange-OpenSource/hurl/releases/assets/404517156"

[tools.hurl."platforms.linux-x64"]
checksum = "sha256:6ab1d6703b94086ece6d2f994d73f8d215926997b292ba29b894799425afbf67"
url = "https://github.com/Orange-OpenSource/hurl/releases/download/8.0.0/hurl-8.0.0-x86_64-unknown-linux-gnu.tar.gz"
url_api = "https://api.github.com/repos/Orange-OpenSource/hurl/releases/assets/404517148"

[tools.hurl."platforms.macos-arm64"]
checksum = "sha256:a1cab740519aa8097462534aa512fb6c2aeae7f8990199517a8a874ca06aa2ee"
url = "https://github.com/Orange-OpenSource/hurl/releases/download/8.0.0/hurl-8.0.0-aarch64-apple-darwin.tar.gz"
url_api = "https://api.github.com/repos/Orange-OpenSource/hurl/releases/assets/404517164"

[tools.hurl."platforms.macos-x64"]
checksum = "sha256:506a600b196124223b195561ea1be09a96f8a39d752abed050eaa035e7cb195a"
url = "https://github.com/Orange-OpenSource/hurl/releases/download/8.0.0/hurl-8.0.0-x86_64-apple-darwin.tar.gz"
url_api = "https://api.github.com/repos/Orange-OpenSource/hurl/releases/assets/404517157"

[[tools.litestream]]
version = "0.5.14"
backend = "aqua:benbjohnson/litestream"

[tools.litestream."platforms.linux-arm64"]
checksum = "sha256:b49b3d01fb0a8b4d426ee613c080fba44acae0551587dc43525dcd93eee64b4f"
url = "https://github.com/benbjohnson/litestream/releases/download/v0.5.14/litestream-0.5.14-linux-arm64.tar.gz"
url_api = "https://api.github.com/repos/benbjohnson/litestream/releases/assets/468346419"

[tools.litestream."platforms.linux-x64"]
checksum = "sha256:32083dd2af13840b273c538360b828368d7b82bbaa2c641106052dc7814ed956"
url = "https://github.com/benbjohnson/litestream/releases/download/v0.5.14/litestream-0.5.14-linux-x86_64.tar.gz"
url_api = "https://api.github.com/repos/benbjohnson/litestream/releases/assets/468346362"

[tools.litestream."platforms.macos-arm64"]
checksum = "sha256:d4a1f810387d66264e4c9b0c3a29aa3d5dff2d6f53cb4c55ec093594d2ef94c3"
url = "https://github.com/benbjohnson/litestream/releases/download/v0.5.14/litestream-0.5.14-darwin-arm64.tar.gz"
url_api = "https://api.github.com/repos/benbjohnson/litestream/releases/assets/468346424"

[tools.litestream."platforms.macos-x64"]
checksum = "sha256:7432fc0a8c796c6a86f57d13a771d01795c3ea90da124c37e5af501cd08db0e4"
url = "https://github.com/benbjohnson/litestream/releases/download/v0.5.14/litestream-0.5.14-darwin-x86_64.tar.gz"
url_api = "https://api.github.com/repos/benbjohnson/litestream/releases/assets/468346423"

[[tools.node]]
version = "26.0.0"
backend = "core:node"

[tools.node."platforms.linux-arm64"]
checksum = "sha256:c802664b5770102999efacf5717854f7652797db522e8cc5727a6209afea824d"
url = "https://nodejs.org/dist/v26.0.0/node-v26.0.0-linux-arm64.tar.gz"

[tools.node."platforms.linux-x64"]
checksum = "sha256:42cee4d7ec80b7f7c89281cf00726b14840ac674462404dd4fd36f03964dc0af"
url = "https://nodejs.org/dist/v26.0.0/node-v26.0.0-linux-x64.tar.gz"

[tools.node."platforms.macos-arm64"]
checksum = "sha256:dcee8564c1a9342f9594dd5e52d533894dfef6b85aa771bbbb870baa3c403235"
url = "https://nodejs.org/dist/v26.0.0/node-v26.0.0-darwin-arm64.tar.gz"

[tools.node."platforms.macos-x64"]
checksum = "sha256:f488ab543fe202d8a2d56e661682117d3c56903a2bf64f2ec1ff7bd421cfd875"
url = "https://nodejs.org/dist/v26.0.0/node-v26.0.0-darwin-x64.tar.gz"

[[tools."npm:backlog.md"]]
version = "1.48.0"
backend = "npm:backlog.md"

[[tools."npm:prettier"]]
version = "3.9.5"
backend = "npm:prettier"

[[tools.shellcheck]]
version = "0.11.0"
backend = "aqua:koalaman/shellcheck"

[tools.shellcheck."platforms.linux-arm64"]
checksum = "sha256:12b331c1d2db6b9eb13cfca64306b1b157a86eb69db83023e261eaa7e7c14588"
url = "https://github.com/koalaman/shellcheck/releases/download/v0.11.0/shellcheck-v0.11.0.linux.aarch64.tar.xz"
url_api = "https://api.github.com/repos/koalaman/shellcheck/releases/assets/279056934"

[tools.shellcheck."platforms.linux-x64"]
checksum = "sha256:8c3be12b05d5c177a04c29e3c78ce89ac86f1595681cab149b65b97c4e227198"
url = "https://github.com/koalaman/shellcheck/releases/download/v0.11.0/shellcheck-v0.11.0.linux.x86_64.tar.xz"
url_api = "https://api.github.com/repos/koalaman/shellcheck/releases/assets/279056942"

[tools.shellcheck."platforms.macos-arm64"]
checksum = "sha256:56affdd8de5527894dca6dc3d7e0a99a873b0f004d7aabc30ae407d3f48b0a79"
url = "https://github.com/koalaman/shellcheck/releases/download/v0.11.0/shellcheck-v0.11.0.darwin.aarch64.tar.xz"
url_api = "https://api.github.com/repos/koalaman/shellcheck/releases/assets/279056932"

[tools.shellcheck."platforms.macos-x64"]
checksum = "sha256:3c89db4edcab7cf1c27bff178882e0f6f27f7afdf54e859fa041fca10febe4c6"
url = "https://github.com/koalaman/shellcheck/releases/download/v0.11.0/shellcheck-v0.11.0.darwin.x86_64.tar.xz"
url_api = "https://api.github.com/repos/koalaman/shellcheck/releases/assets/279056930"

[[tools.sqlite]]
version = "3.53.3"
backend = "asdf:sqlite"
