{
  "name": "sensitive-file-guard",
  "lockfileVersion": 3,
  "requires": true,
  "packages": {
    "": {
      "name": "sensitive-file-guard",
      "dependencies": {
        "unbash": "^4.0.3"
      }
    },
    "node_modules/unbash": {
      "version": "4.0.6",
      "resolved": "https://registry.npmjs.org/unbash/-/unbash-4.0.6.tgz",
      "integrity": "sha512-YGBMSVG/WrA2vgaZbXVvxrGgoMcWZecyyS4foGt8clbtY7s1nIKNmt7Z9LR74XE6FkYTSqDmKk2lIOhOjIvmrw==",
      "license": "ISC",
      "engines": {
        "node": ">=14"
      }
    }
  }
}
