{
  "name": "sensitive-file-guard",
  "lockfileVersion": 3,
  "requires": true,
  "packages": {
    "": {
      "name": "sensitive-file-guard",
      "dependencies": {
        "unbash": "^4.0.3"
      }
    },
    "node_modules/unbash": {
      "version": "4.0.3",
      "resolved": "https://registry.npmjs.org/unbash/-/unbash-4.0.3.tgz",
      "integrity": "sha512-3cudTErfToSc4Ggv8XGXVNVli/xHKUtUZvaY5UVwhOcUPbQGz7PeaEnT/SAVgNziZtX67KEN9swMUYkLghxA1w==",
      "license": "ISC",
      "engines": {
        "node": ">=14"
      }
    }
  }
}
