{
  "name": "sensitive-file-guard",
  "lockfileVersion": 3,
  "requires": true,
  "packages": {
    "": {
      "name": "sensitive-file-guard",
      "dependencies": {
        "unbash": "^4.0.3"
      }
    },
    "node_modules/unbash": {
      "version": "4.0.4",
      "resolved": "https://registry.npmjs.org/unbash/-/unbash-4.0.4.tgz",
      "integrity": "sha512-60m9IVGbavD6jholbxt0jVBXZkEB/HsMZq7Tyaghseve2/Sf0zQRAIfWsD34sde+DKP2tBxJS2wP88ZM0D1FhA==",
      "license": "ISC",
      "engines": {
        "node": ">=14"
      }
    }
  }
}
