{
  "name": "assets",
  "lockfileVersion": 3,
  "requires": true,
  "packages": {
    "": {
      "dependencies": {
        "barcode-detector": "^3.0.0",
        "canvas-confetti": "^1.9.3",
        "live_toast": "file:../deps/live_toast"
      },
      "devDependencies": {
        "@tailwindcss/typography": "^0.5.16"
      }
    },
    "../deps/live_toast": {
      "version": "0.1.0",
      "license": "MIT"
    },
    "node_modules/@tailwindcss/typography": {
      "version": "0.5.18",
      "resolved": "https://registry.npmjs.org/@tailwindcss/typography/-/typography-0.5.18.tgz",
      "integrity": "sha512-dDIgwZOlf+tVkZ7A029VvQ1+ngKATENDjMEx2N35s2yPjfTS05RWSM8ilhEWSa5DMJ6ci2Ha9WNZEd2GQjrdQg==",
      "dev": true,
      "license": "MIT",
      "dependencies": {
        "postcss-selector-parser": "6.0.10"
      },
      "peerDependencies": {
        "tailwindcss": ">=3.0.0 || insiders || >=4.0.0-alpha.20 || >=4.0.0-beta.1"
      }
    },
    "node_modules/@types/emscripten": {
      "version": "1.41.2",
      "resolved": "https://registry.npmjs.org/@types/emscripten/-/emscripten-1.41.2.tgz",
      "integrity": "sha512-0EVXosRnffZuF+rsMM1ZVbfpwpvL2/hWycYQ/0GaH/VaoSJvcSmMl6fiPel9TZXHL3EhANxzqKOVFC6NFXyn8A==",
      "license": "MIT"
    },
    "node_modules/barcode-detector": {
      "version": "3.0.5",
      "resolved": "https://registry.npmjs.org/barcode-detector/-/barcode-detector-3.0.5.tgz",
      "integrity": "sha512-SWeGhJ8SEW0T3Anbr2wEugUXW2bSCld3PauZh+LjTgN1lSInnIrI+RnG53NkzS4pl3cfPCl1AZ10Rq+hSkXBSw==",
      "license": "MIT",
      "dependencies": {
        "zxing-wasm": "2.2.0"
      }
    },
    "node_modules/canvas-confetti": {
      "version": "1.9.3",
      "resolved": "https://registry.npmjs.org/canvas-confetti/-/canvas-confetti-1.9.3.tgz",
      "integrity": "sha512-rFfTURMvmVEX1gyXFgn5QMn81bYk70qa0HLzcIOSVEyl57n6o9ItHeBtUSWdvKAPY0xlvBHno4/v3QPrT83q9g==",
      "license": "ISC",
      "funding": {
        "type": "donate",
        "url": "https://www.paypal.me/kirilvatev"
      }
    },
    "node_modules/cssesc": {
      "version": "3.0.0",
      "resolved": "https://registry.npmjs.org/cssesc/-/cssesc-3.0.0.tgz",
      "integrity": "sha512-/Tb/JcjK111nNScGob5MNtsntNM1aCNUDipB/TkwZFhyDrrE47SOx/18wF2bbjgc3ZzCSKW1T5nt5EbFoAz/Vg==",
      "dev": true,
      "license": "MIT",
      "bin": {
        "cssesc": "bin/cssesc"
      },
      "engines": {
        "node": ">=4"
      }
    },
    "node_modules/live_toast": {
      "resolved": "../deps/live_toast",
      "link": true
    },
    "node_modules/postcss-selector-parser": {
      "version": "6.0.10",
      "resolved": "https://registry.npmjs.org/postcss-selector-parser/-/postcss-selector-parser-6.0.10.tgz",
      "integrity": "sha512-IQ7TZdoaqbT+LCpShg46jnZVlhWD2w6iQYAcYXfHARZ7X1t/UGhhceQDs5X0cGqKvYlHNOuv7Oa1xmb0oQuA3w==",
      "dev": true,
      "license": "MIT",
      "dependencies": {
        "cssesc": "^3.0.0",
        "util-deprecate": "^1.0.2"
      },
      "engines": {
        "node": ">=4"
      }
    },
    "node_modules/tailwindcss": {
      "version": "4.1.13",
      "resolved": "https://registry.npmjs.org/tailwindcss/-/tailwindcss-4.1.13.tgz",
      "integrity": "sha512-i+zidfmTqtwquj4hMEwdjshYYgMbOrPzb9a0M3ZgNa0JMoZeFC6bxZvO8yr8ozS6ix2SDz0+mvryPeBs2TFE+w==",
      "dev": true,
      "license": "MIT",
      "peer": true
    },
    "node_modules/type-fest": {
      "version": "4.41.0",
      "resolved": "https://registry.npmjs.org/type-fest/-/type-fest-4.41.0.tgz",
      "integrity": "sha512-TeTSQ6H5YHvpqVwBRcnLDCBnDOHWYu7IvGbHT6N8AOymcr9PJGjc1GTtiWZTYg0NCgYwvnYWEkVChQAr9bjfwA==",
      "license": "(MIT OR CC0-1.0)",
      "engines": {
        "node": ">=16"
      },
      "funding": {
        "url": "https://github.com/sponsors/sindresorhus"
      }
    },
    "node_modules/util-deprecate": {
      "version": "1.0.2",
      "resolved": "https://registry.npmjs.org/util-deprecate/-/util-deprecate-1.0.2.tgz",
      "integrity": "sha512-EPD5q1uXyFxJpCrLnCc1nHnq3gOa6DZBocAIiI2TaSCA7VCJ1UJDMagCzIkXNsUYfD1daK//LTEQ8xiIbrHtcw==",
      "dev": true,
      "license": "MIT"
    },
    "node_modules/zxing-wasm": {
      "version": "2.2.0",
      "resolved": "https://registry.npmjs.org/zxing-wasm/-/zxing-wasm-2.2.0.tgz",
      "integrity": "sha512-RyHxVaAHsLSDzmwcAG05IF8sVOE5Ta2JT1dRDh0mzVZOIiDXZstsjkqvKHasN1n4lvFSbX7ngkHDufnt/XI07Q==",
      "license": "MIT",
      "dependencies": {
        "@types/emscripten": "^1.40.1",
        "type-fest": "^4.41.0"
      },
      "peerDependencies": {
        "@types/emscripten": ">=1.39.6"
      }
    }
  }
}
