{
  "name": "ci-browser",
  "lockfileVersion": 3,
  "requires": true,
  "packages": {
    "": {
      "name": "ci-browser",
      "dependencies": {
        "typebox": "^1.1.39"
      }
    },
    "node_modules/typebox": {
      "version": "1.2.17",
      "resolved": "https://registry.npmjs.org/typebox/-/typebox-1.2.17.tgz",
      "integrity": "sha512-FHB10V5OI+MBKQ9N4CS4FTpdTiPwjAwkS9cjXt4uBULFE2zNOYu4A6iAR4GZVPcujSD6uCQjY1fqnOsjn/SLPQ==",
      "license": "MIT"
    }
  }
}
