{
  "name": "ci-browser",
  "lockfileVersion": 3,
  "requires": true,
  "packages": {
    "": {
      "name": "ci-browser",
      "dependencies": {
        "typebox": "^1.1.39"
      }
    },
    "node_modules/typebox": {
      "version": "1.2.7",
      "resolved": "https://registry.npmjs.org/typebox/-/typebox-1.2.7.tgz",
      "integrity": "sha512-V+5x1sMxqFeAoaRe3HlEQ3ZZoF8PYYVu8EG5HbbbrMjPgfJ53B5zKUa/xAU0qJm4Af+5ruv5deR6HpjR6LbHSw==",
      "license": "MIT"
    }
  }
}
