{
  "name": "ci-browser",
  "lockfileVersion": 3,
  "requires": true,
  "packages": {
    "": {
      "name": "ci-browser",
      "dependencies": {
        "typebox": "^1.1.39"
      }
    },
    "node_modules/typebox": {
      "version": "1.2.8",
      "resolved": "https://registry.npmjs.org/typebox/-/typebox-1.2.8.tgz",
      "integrity": "sha512-rlsKhsd7L3082m9nxhFIB4Gl8jizLd/6YlFAWaz96hdV8+VJRjwYaYmDlT0jlTRwkb48SxCSSirqUtrg/HilNw==",
      "license": "MIT"
    }
  }
}
